Microsoft Visual Studio Solution File, Format Version 12.00
# Visual Studio Version 17
VisualStudioVersion = 17.5.2.0
MinimumVisualStudioVersion = 10.0.40219.1
Project("{2150E333-8FDC-42A3-9474-1A3956D46DE8}") = "tools", "tools", "{07C2787E-EAC7-C090-1BA3-A61EC2A24D84}"
EndProject
Project("{2150E333-8FDC-42A3-9474-1A3956D46DE8}") = "start-desktop-launcher", "start-desktop-launcher", "{6228F5F4-0C07-61CE-80C3-22ECAF6A0E72}"
EndProject
Project("{FAE04EC0-301F-11D3-BF4B-00C04F79EFBC}") = "StartDesktopLauncher", "tools\start-desktop-launcher\StartDesktopLauncher.csproj", "{84444849-EA34-5B72-F48D-8073F8344AFE}"
EndProject
Global
	GlobalSection(SolutionConfigurationPlatforms) = preSolution
		Debug|Any CPU = Debug|Any CPU
		Release|Any CPU = Release|Any CPU
	EndGlobalSection
	GlobalSection(ProjectConfigurationPlatforms) = postSolution
		{84444849-EA34-5B72-F48D-8073F8344AFE}.Debug|Any CPU.ActiveCfg = Debug|Any CPU
		{84444849-EA34-5B72-F48D-8073F8344AFE}.Debug|Any CPU.Build.0 = Debug|Any CPU
		{84444849-EA34-5B72-F48D-8073F8344AFE}.Release|Any CPU.ActiveCfg = Release|Any CPU
		{84444849-EA34-5B72-F48D-8073F8344AFE}.Release|Any CPU.Build.0 = Release|Any CPU
	EndGlobalSection
	GlobalSection(SolutionProperties) = preSolution
		HideSolutionNode = FALSE
	EndGlobalSection
	GlobalSection(NestedProjects) = preSolution
		{6228F5F4-0C07-61CE-80C3-22ECAF6A0E72} = {07C2787E-EAC7-C090-1BA3-A61EC2A24D84}
		{84444849-EA34-5B72-F48D-8073F8344AFE} = {6228F5F4-0C07-61CE-80C3-22ECAF6A0E72}
	EndGlobalSection
	GlobalSection(ExtensibilityGlobals) = postSolution
		SolutionGuid = {B9BC473A-BF1E-4619-879D-00022ABC3331}
	EndGlobalSection
EndGlobal
